
Microsoft Visual Studio Solution File, Format Version 12.00
# Visual Studio Version 17
VisualStudioVersion = 17.8.34316.72
MinimumVisualStudioVersion = 10.0.40219.1
Project("{9A19103F-16F7-4668-BE54-9A1E7A4F7556}") = "DataBaseFunctional", "DataBaseFunctional.csproj", "{649A41A7-6EC0-4B3A-8861-1512744C0E0C}"
EndProject
Project("{FAE04EC0-301F-11D3-BF4B-00C04F79EFBC}") = "TestDB", "..\TestDB\TestDB.csproj", "{0B2888B4-94B9-4F5C-935D-015238328B75}"
EndProject
Project("{FAE04EC0-301F-11D3-BF4B-00C04F79EFBC}") = "ConsoleParser", "..\ConsoleParser\ConsoleParser.csproj", "{34804009-8A78-435F-BC37-EA3A536049CB}"
EndProject
Global
	GlobalSection(SolutionConfigurationPlatforms) = preSolution
		Debug|Any CPU = Debug|Any CPU
		Release|Any CPU = Release|Any CPU
	EndGlobalSection
	GlobalSection(ProjectConfigurationPlatforms) = postSolution
		{649A41A7-6EC0-4B3A-8861-1512744C0E0C}.Debug|Any CPU.ActiveCfg = Debug|Any CPU
		{649A41A7-6EC0-4B3A-8861-1512744C0E0C}.Debug|Any CPU.Build.0 = Debug|Any CPU
		{649A41A7-6EC0-4B3A-8861-1512744C0E0C}.Release|Any CPU.ActiveCfg = Release|Any CPU
		{649A41A7-6EC0-4B3A-8861-1512744C0E0C}.Release|Any CPU.Build.0 = Release|Any CPU
		{0B2888B4-94B9-4F5C-935D-015238328B75}.Debug|Any CPU.ActiveCfg = Debug|Any CPU
		{0B2888B4-94B9-4F5C-935D-015238328B75}.Debug|Any CPU.Build.0 = Debug|Any CPU
		{0B2888B4-94B9-4F5C-935D-015238328B75}.Release|Any CPU.ActiveCfg = Release|Any CPU
		{0B2888B4-94B9-4F5C-935D-015238328B75}.Release|Any CPU.Build.0 = Release|Any CPU
		{34804009-8A78-435F-BC37-EA3A536049CB}.Debug|Any CPU.ActiveCfg = Debug|Any CPU
		{34804009-8A78-435F-BC37-EA3A536049CB}.Debug|Any CPU.Build.0 = Debug|Any CPU
		{34804009-8A78-435F-BC37-EA3A536049CB}.Release|Any CPU.ActiveCfg = Release|Any CPU
		{34804009-8A78-435F-BC37-EA3A536049CB}.Release|Any CPU.Build.0 = Release|Any CPU
	EndGlobalSection
	GlobalSection(SolutionProperties) = preSolution
		HideSolutionNode = FALSE
	EndGlobalSection
	GlobalSection(ExtensibilityGlobals) = postSolution
		SolutionGuid = {F79D3EFE-9CD8-47B1-9DC6-7E138A4969B6}
	EndGlobalSection
EndGlobal
